<Solution Description="Visual Studio slnx file generated by Premake" Version="1.4">
  <Configurations>
    <BuildType Name="Release" />
    <Platform Name="x64" />
  </Configurations>
  <Project Path="Client\HeistedClient.vcxproj" Id="6A97C247-D657-3E7E-9F92-87FB0B12835A">
  </Project>
  <Project Path="Server\HeistedServer.vcxproj" Id="82AC9B6C-EE6C-17A3-B7A7-602023275C7F">
  </Project>
</Solution>